github.com/blang/vfs v1.0.0 h1:AUZUgulCDzbaNjTRWEP45X7m/J10brAptZpSRKRZBZc=
github.com/blang/vfs v1.0.0/go.mod h1:jjuNUc/IKcRNNWC9NUCvz4fR9PZLPIKxEygtPs/4tSI=
github.com/tetratelabs/wazero v1.6.0 h1:z0H1iikCdP8t+q341xqepY4EWvHEw8Es7tlqiVzlP3g=
github.com/tetratelabs/wazero v1.6.0/go.mod h1:0U0G41+ochRKoPKCJlh0jMg1CHkyfK8kDqiirMmKY8A=
